// !$*UTF8*$!
{
	archiveVersion = 1;
	classes = {
	};
	objectVersion = 55;
	objects = {

/* Begin PBXBuildFile section */
		710CB7AB2910ED2E00367885 /* LoginViewModel.swift in Sources */ = {isa = PBXBuildFile; fileRef = 710CB7AA2910ED2E00367885 /* LoginViewModel.swift */; };
		710CB7AE2910F1FF00367885 /* AuthWebService.swift in Sources */ = {isa = PBXBuildFile; fileRef = 710CB7AD2910F1FF00367885 /* AuthWebService.swift */; };
		710CB7B12910F29E00367885 /* Constants.swift in Sources */ = {isa = PBXBuildFile; fileRef = 710CB7B02910F29E00367885 /* Constants.swift */; };
		710CB7B32910F33300367885 /* WebService.swift in Sources */ = {isa = PBXBuildFile; fileRef = 710CB7B22910F33300367885 /* WebService.swift */; };
		710CB7B52910F3DC00367885 /* NetworkErrors.swift in Sources */ = {isa = PBXBuildFile; fileRef = 710CB7B42910F3DC00367885 /* NetworkErrors.swift */; };
		710CB7B72910FF1900367885 /* WalletConnectError.swift in Sources */ = {isa = PBXBuildFile; fileRef = 710CB7B62910FF1900367885 /* WalletConnectError.swift */; };
		710CB7BA2911150B00367885 /* UserDefaultsExtension.swift in Sources */ = {isa = PBXBuildFile; fileRef = 710CB7B92911150B00367885 /* UserDefaultsExtension.swift */; };
		710CB7BD291117D200367885 /* JWTDecode in Frameworks */ = {isa = PBXBuildFile; productRef = 710CB7BC291117D200367885 /* JWTDecode */; };
		710CB7C029111BB300367885 /* KeyChainHelper.swift in Sources */ = {isa = PBXBuildFile; fileRef = 710CB7BF29111BB300367885 /* KeyChainHelper.swift */; };
		710CB7C229111BCD00367885 /* AuthTokensHelper.swift in Sources */ = {isa = PBXBuildFile; fileRef = 710CB7C129111BCD00367885 /* AuthTokensHelper.swift */; };
		710CB7C5291133C400367885 /* FeedWebService.swift in Sources */ = {isa = PBXBuildFile; fileRef = 710CB7C4291133C400367885 /* FeedWebService.swift */; };
		710CB7CB291136EF00367885 /* TotalFeedViewModel.swift in Sources */ = {isa = PBXBuildFile; fileRef = 710CB7CA291136EF00367885 /* TotalFeedViewModel.swift */; };
		710CB7CE2911425000367885 /* Post.swift in Sources */ = {isa = PBXBuildFile; fileRef = 710CB7CD2911425000367885 /* Post.swift */; };
		710CB7D32911481400367885 /* UserWebService.swift in Sources */ = {isa = PBXBuildFile; fileRef = 710CB7D22911481400367885 /* UserWebService.swift */; };
		711F09F82918FE5200EC19D1 /* Web3 in Frameworks */ = {isa = PBXBuildFile; productRef = 711F09F72918FE5200EC19D1 /* Web3 */; };
		711F09FA2918FE5200EC19D1 /* Web3ContractABI in Frameworks */ = {isa = PBXBuildFile; productRef = 711F09F92918FE5200EC19D1 /* Web3ContractABI */; };
		711F09FC2918FE5200EC19D1 /* Web3PromiseKit in Frameworks */ = {isa = PBXBuildFile; productRef = 711F09FB2918FE5200EC19D1 /* Web3PromiseKit */; };
		71643962290592F80065EA09 /* WalletConnectSwift in Frameworks */ = {isa = PBXBuildFile; productRef = 71643961290592F80065EA09 /* WalletConnectSwift */; };
		71643968290595350065EA09 /* UtilsService.swift in Sources */ = {isa = PBXBuildFile; fileRef = 71643967290595350065EA09 /* UtilsService.swift */; };
		7164396A2905954C0065EA09 /* RandomUtil.swift in Sources */ = {isa = PBXBuildFile; fileRef = 716439692905954C0065EA09 /* RandomUtil.swift */; };
		7164396E290596760065EA09 /* UtilsErrors.swift in Sources */ = {isa = PBXBuildFile; fileRef = 7164396D290596760065EA09 /* UtilsErrors.swift */; };
		716439732905BF740065EA09 /* WalletViewModel.swift in Sources */ = {isa = PBXBuildFile; fileRef = 716439722905BF740065EA09 /* WalletViewModel.swift */; };
		716439762905BFE50065EA09 /* WalletDetails.swift in Sources */ = {isa = PBXBuildFile; fileRef = 716439752905BFE50065EA09 /* WalletDetails.swift */; };
		716439782905C0080065EA09 /* WCStatus.swift in Sources */ = {isa = PBXBuildFile; fileRef = 716439772905C0080065EA09 /* WCStatus.swift */; };
		7164397A2905C3510065EA09 /* WalletType.swift in Sources */ = {isa = PBXBuildFile; fileRef = 716439792905C3510065EA09 /* WalletType.swift */; };
		7164397D2905C7FB0065EA09 /* LoginView.swift in Sources */ = {isa = PBXBuildFile; fileRef = 7164397C2905C7FB0065EA09 /* LoginView.swift */; };
		716439812905CAB60065EA09 /* Colors.swift in Sources */ = {isa = PBXBuildFile; fileRef = 716439802905CAB60065EA09 /* Colors.swift */; };
		7164398A2905D19A0065EA09 /* TotalFeedView.swift in Sources */ = {isa = PBXBuildFile; fileRef = 716439892905D19A0065EA09 /* TotalFeedView.swift */; };
		7164398F29065E940065EA09 /* UserFeedNavTitleView.swift in Sources */ = {isa = PBXBuildFile; fileRef = 7164398E29065E940065EA09 /* UserFeedNavTitleView.swift */; };
		7164399329066F0D0065EA09 /* PostWithCommentsView.swift in Sources */ = {isa = PBXBuildFile; fileRef = 7164399229066F0D0065EA09 /* PostWithCommentsView.swift */; };
		71643996290670360065EA09 /* CommentView.swift in Sources */ = {isa = PBXBuildFile; fileRef = 71643995290670360065EA09 /* CommentView.swift */; };
		71643998290673660065EA09 /* PostNavTitleView.swift in Sources */ = {isa = PBXBuildFile; fileRef = 71643997290673660065EA09 /* PostNavTitleView.swift */; };
		7164399C29067F0F0065EA09 /* FullViewPost.swift in Sources */ = {isa = PBXBuildFile; fileRef = 7164399B29067F0F0065EA09 /* FullViewPost.swift */; };
		7164399E290683FB0065EA09 /* CommentTextEditor.swift in Sources */ = {isa = PBXBuildFile; fileRef = 7164399D290683FB0065EA09 /* CommentTextEditor.swift */; };
		716439A429068C840065EA09 /* StringExtension.swift in Sources */ = {isa = PBXBuildFile; fileRef = 716439A329068C840065EA09 /* StringExtension.swift */; };
		716439AA2906B8D50065EA09 /* CommentsNavTitle.swift in Sources */ = {isa = PBXBuildFile; fileRef = 716439A92906B8D50065EA09 /* CommentsNavTitle.swift */; };
		716439AD2906BDDF0065EA09 /* DraftFeedView.swift in Sources */ = {isa = PBXBuildFile; fileRef = 716439AC2906BDDF0065EA09 /* DraftFeedView.swift */; };
		716439AF2906BE5D0065EA09 /* PostInDraftView.swift in Sources */ = {isa = PBXBuildFile; fileRef = 716439AE2906BE5D0065EA09 /* PostInDraftView.swift */; };
		716439B12906C07D0065EA09 /* UserInfoView.swift in Sources */ = {isa = PBXBuildFile; fileRef = 716439B02906C07D0065EA09 /* UserInfoView.swift */; };
		716439B32906C1A60065EA09 /* DraftBackButton.swift in Sources */ = {isa = PBXBuildFile; fileRef = 716439B22906C1A60065EA09 /* DraftBackButton.swift */; };
		719E5A5D2907A3FB0005A1DF /* UserFeedView.swift in Sources */ = {isa = PBXBuildFile; fileRef = 719E5A5C2907A3FB0005A1DF /* UserFeedView.swift */; };
		719E5A5F2907A7930005A1DF /* PostWithUserView.swift in Sources */ = {isa = PBXBuildFile; fileRef = 719E5A5E2907A7930005A1DF /* PostWithUserView.swift */; };
		719E5A672907B9C70005A1DF /* BackNavButton.swift in Sources */ = {isa = PBXBuildFile; fileRef = 719E5A662907B9C70005A1DF /* BackNavButton.swift */; };
		71AD71862912BAA200BC7CF7 /* Apollo in Frameworks */ = {isa = PBXBuildFile; productRef = 71AD71852912BAA200BC7CF7 /* Apollo */; };
		71AD718D2912C20700BC7CF7 /* lens-protocol-schema.graphqls in Resources */ = {isa = PBXBuildFile; fileRef = 71AD718C2912C20700BC7CF7 /* lens-protocol-schema.graphqls */; };
		71AD71962912C5F400BC7CF7 /* apollo-codegen-config.json in Resources */ = {isa = PBXBuildFile; fileRef = 71AD71952912C5F400BC7CF7 /* apollo-codegen-config.json */; };
		71C4DB202912856B008B4A8C /* LensProtocolService.swift in Sources */ = {isa = PBXBuildFile; fileRef = 71C4DB1F2912856B008B4A8C /* LensProtocolService.swift */; };
		71C4DB3D29129550008B4A8C /* Challenge.graphql in Resources */ = {isa = PBXBuildFile; fileRef = 71C4DB3C29129550008B4A8C /* Challenge.graphql */; };
		71D775D42901127F005F7D7D /* FrenlyApp.swift in Sources */ = {isa = PBXBuildFile; fileRef = 71D775D32901127F005F7D7D /* FrenlyApp.swift */; };
		71D775D62901127F005F7D7D /* ContentView.swift in Sources */ = {isa = PBXBuildFile; fileRef = 71D775D52901127F005F7D7D /* ContentView.swift */; };
		71D775D829011283005F7D7D /* Assets.xcassets in Resources */ = {isa = PBXBuildFile; fileRef = 71D775D729011283005F7D7D /* Assets.xcassets */; };
		71D775DB29011283005F7D7D /* Preview Assets.xcassets in Resources */ = {isa = PBXBuildFile; fileRef = 71D775DA29011283005F7D7D /* Preview Assets.xcassets */; };
		71D775E929013A3D005F7D7D /* WalletConnectService.swift in Sources */ = {isa = PBXBuildFile; fileRef = 71D775E829013A3D005F7D7D /* WalletConnectService.swift */; };
		71E052BC291388EC006FB1DC /* FeedPostsInfoQuery.graphql.swift in Sources */ = {isa = PBXBuildFile; fileRef = 71E052BB291388EC006FB1DC /* FeedPostsInfoQuery.graphql.swift */; };
		71E052BE29138CA3006FB1DC /* UserUtil.swift in Sources */ = {isa = PBXBuildFile; fileRef = 71E052BD29138CA3006FB1DC /* UserUtil.swift */; };
		71E052C02913A43E006FB1DC /* UserEditView.swift in Sources */ = {isa = PBXBuildFile; fileRef = 71E052BF2913A43E006FB1DC /* UserEditView.swift */; };
		71E052C32913A73A006FB1DC /* ImagePicker.swift in Sources */ = {isa = PBXBuildFile; fileRef = 71E052C22913A73A006FB1DC /* ImagePicker.swift */; };
		71E052C62913AC74006FB1DC /* Media.swift in Sources */ = {isa = PBXBuildFile; fileRef = 71E052C52913AC74006FB1DC /* Media.swift */; };
		71E052C92913AD55006FB1DC /* MediaUtil.swift in Sources */ = {isa = PBXBuildFile; fileRef = 71E052C82913AD55006FB1DC /* MediaUtil.swift */; };
		71E052CC2913AEF7006FB1DC /* Data.swift in Sources */ = {isa = PBXBuildFile; fileRef = 71E052CB2913AEF7006FB1DC /* Data.swift */; };
		71E052CE2917EE9C006FB1DC /* DraftFeedViewModel.swift in Sources */ = {isa = PBXBuildFile; fileRef = 71E052CD2917EE9C006FB1DC /* DraftFeedViewModel.swift */; };
		71E052D12917FD04006FB1DC /* PostComments.graphql in Resources */ = {isa = PBXBuildFile; fileRef = 71E052D02917FD04006FB1DC /* PostComments.graphql */; };
		71E052D32917FD80006FB1DC /* PostCommentsQuery.graphql.swift in Sources */ = {isa = PBXBuildFile; fileRef = 71E052D22917FD80006FB1DC /* PostCommentsQuery.graphql.swift */; };
		71E052D62917FFFE006FB1DC /* Comment.swift in Sources */ = {isa = PBXBuildFile; fileRef = 71E052D52917FFFE006FB1DC /* Comment.swift */; };
		71E052D9291802CB006FB1DC /* CommentsViewModel.swift in Sources */ = {isa = PBXBuildFile; fileRef = 71E052D8291802CB006FB1DC /* CommentsViewModel.swift */; };
		71E18EEE2912C89800FDBC05 /* LensProtocol in Frameworks */ = {isa = PBXBuildFile; productRef = 71E18EED2912C89800FDBC05 /* LensProtocol */; };
		71E18EF12912CE3F00FDBC05 /* Authenticate.graphql in Resources */ = {isa = PBXBuildFile; fileRef = 71E18EF02912CE3F00FDBC05 /* Authenticate.graphql */; };
		71E18EF32912CE7D00FDBC05 /* RefreshJWT.graphql in Resources */ = {isa = PBXBuildFile; fileRef = 71E18EF22912CE7D00FDBC05 /* RefreshJWT.graphql */; };
		71E18EF72912CF0700FDBC05 /* RefreshMutation.graphql.swift in Sources */ = {isa = PBXBuildFile; fileRef = 71E18EF42912CF0700FDBC05 /* RefreshMutation.graphql.swift */; };
		71E18EF82912CF0700FDBC05 /* AuthenticateMutation.graphql.swift in Sources */ = {isa = PBXBuildFile; fileRef = 71E18EF52912CF0700FDBC05 /* AuthenticateMutation.graphql.swift */; };
		71E18EF92912CF0700FDBC05 /* ChallengeQuery.graphql.swift in Sources */ = {isa = PBXBuildFile; fileRef = 71E18EF62912CF0700FDBC05 /* ChallengeQuery.graphql.swift */; };
		71E18EFB2912D07300FDBC05 /* GraphQLErrors.swift in Sources */ = {isa = PBXBuildFile; fileRef = 71E18EFA2912D07300FDBC05 /* GraphQLErrors.swift */; };
		71E18EFD2912D50A00FDBC05 /* LensTokensHelper.swift in Sources */ = {isa = PBXBuildFile; fileRef = 71E18EFC2912D50A00FDBC05 /* LensTokensHelper.swift */; };
		71E18F012913039000FDBC05 /* FeedPostsInfo.graphql in Resources */ = {isa = PBXBuildFile; fileRef = 71E18F002913039000FDBC05 /* FeedPostsInfo.graphql */; };
		71E18F052913144900FDBC05 /* EndOfTotalFeedView.swift in Sources */ = {isa = PBXBuildFile; fileRef = 71E18F042913144800FDBC05 /* EndOfTotalFeedView.swift */; };
		71E18F08291314FC00FDBC05 /* UserViewModel.swift in Sources */ = {isa = PBXBuildFile; fileRef = 71E18F07291314FC00FDBC05 /* UserViewModel.swift */; };
		71E18F0B2913154800FDBC05 /* User.swift in Sources */ = {isa = PBXBuildFile; fileRef = 71E18F0A2913154800FDBC05 /* User.swift */; };
		71E18F0E2913188100FDBC05 /* JSONCoder.swift in Sources */ = {isa = PBXBuildFile; fileRef = 71E18F0D2913188100FDBC05 /* JSONCoder.swift */; };
		71EA8275291D0CB70003F57A /* SmartContractService.swift in Sources */ = {isa = PBXBuildFile; fileRef = 71EA8274291D0CB70003F57A /* SmartContractService.swift */; };
		71EA827B291D1DF10003F57A /* LensHubAbi.json in Resources */ = {isa = PBXBuildFile; fileRef = 71EA827A291D1DF10003F57A /* LensHubAbi.json */; };
		71EA827D291D296F0003F57A /* PostWithoutUser.swift in Sources */ = {isa = PBXBuildFile; fileRef = 71EA827C291D296F0003F57A /* PostWithoutUser.swift */; };
		71EA827F291E13F30003F57A /* UserPostsByLensId.graphql in Resources */ = {isa = PBXBuildFile; fileRef = 71EA827E291E13F20003F57A /* UserPostsByLensId.graphql */; };
		71EA8283291E1F060003F57A /* UserFeedViewModel.swift in Sources */ = {isa = PBXBuildFile; fileRef = 71EA8282291E1F060003F57A /* UserFeedViewModel.swift */; };
		71EA8287291E378D0003F57A /* UserPostsByLensIdQuery.graphql.swift in Sources */ = {isa = PBXBuildFile; fileRef = 71EA8286291E378D0003F57A /* UserPostsByLensIdQuery.graphql.swift */; };
		71EA828A291E5DD00003F57A /* CreateProfile.graphql in Resources */ = {isa = PBXBuildFile; fileRef = 71EA8289291E5DD00003F57A /* CreateProfile.graphql */; };
		71EA828C291E5E6D0003F57A /* CreateProfileMutation.graphql.swift in Sources */ = {isa = PBXBuildFile; fileRef = 71EA828B291E5E6D0003F57A /* CreateProfileMutation.graphql.swift */; };
		71EA828E291E6B250003F57A /* CreatePostTypedData.graphql in Resources */ = {isa = PBXBuildFile; fileRef = 71EA828D291E6B250003F57A /* CreatePostTypedData.graphql */; };
		71EA8292291E6B880003F57A /* CreatePostTypedDataMutation.graphql.swift in Sources */ = {isa = PBXBuildFile; fileRef = 71EA8291291E6B880003F57A /* CreatePostTypedDataMutation.graphql.swift */; };
		71EA829429213DDF0003F57A /* AppLoader.swift in Sources */ = {isa = PBXBuildFile; fileRef = 71EA829329213DDE0003F57A /* AppLoader.swift */; };
/* End PBXBuildFile section */

/* Begin PBXFileReference section */
		710CB7AA2910ED2E00367885 /* LoginViewModel.swift */ = {isa = PBXFileReference; lastKnownFileType = sourcecode.swift; path = LoginViewModel.swift; sourceTree = "<group>"; };
		710CB7AD2910F1FF00367885 /* AuthWebService.swift */ = {isa = PBXFileReference; lastKnownFileType = sourcecode.swift; path = AuthWebService.swift; sourceTree = "<group>"; };
		710CB7B02910F29E00367885 /* Constants.swift */ = {isa = PBXFileReference; lastKnownFileType = sourcecode.swift; path = Constants.swift; sourceTree = "<group>"; };
		710CB7B22910F33300367885 /* WebService.swift */ = {isa = PBXFileReference; lastKnownFileType = sourcecode.swift; path = WebService.swift; sourceTree = "<group>"; };
		710CB7B42910F3DC00367885 /* NetworkErrors.swift */ = {isa = PBXFileReference; lastKnownFileType = sourcecode.swift; path = NetworkErrors.swift; sourceTree = "<group>"; };
		710CB7B62910FF1900367885 /* WalletConnectError.swift */ = {isa = PBXFileReference; lastKnownFileType = sourcecode.swift; path = WalletConnectError.swift; sourceTree = "<group>"; };
		710CB7B92911150B00367885 /* UserDefaultsExtension.swift */ = {isa = PBXFileReference; lastKnownFileType = sourcecode.swift; path = UserDefaultsExtension.swift; sourceTree = "<group>"; };
		710CB7BF29111BB300367885 /* KeyChainHelper.swift */ = {isa = PBXFileReference; lastKnownFileType = sourcecode.swift; path = KeyChainHelper.swift; sourceTree = "<group>"; };
		710CB7C129111BCD00367885 /* AuthTokensHelper.swift */ = {isa = PBXFileReference; lastKnownFileType = sourcecode.swift; path = AuthTokensHelper.swift; sourceTree = "<group>"; };
		710CB7C4291133C400367885 /* FeedWebService.swift */ = {isa = PBXFileReference; lastKnownFileType = sourcecode.swift; path = FeedWebService.swift; sourceTree = "<group>"; };
		710CB7CA291136EF00367885 /* TotalFeedViewModel.swift */ = {isa = PBXFileReference; lastKnownFileType = sourcecode.swift; path = TotalFeedViewModel.swift; sourceTree = "<group>"; };
		710CB7CD2911425000367885 /* Post.swift */ = {isa = PBXFileReference; lastKnownFileType = sourcecode.swift; path = Post.swift; sourceTree = "<group>"; };
		710CB7D22911481400367885 /* UserWebService.swift */ = {isa = PBXFileReference; lastKnownFileType = sourcecode.swift; path = UserWebService.swift; sourceTree = "<group>"; };
		71643967290595350065EA09 /* UtilsService.swift */ = {isa = PBXFileReference; lastKnownFileType = sourcecode.swift; path = UtilsService.swift; sourceTree = "<group>"; };
		716439692905954C0065EA09 /* RandomUtil.swift */ = {isa = PBXFileReference; lastKnownFileType = sourcecode.swift; path = RandomUtil.swift; sourceTree = "<group>"; };
		7164396D290596760065EA09 /* UtilsErrors.swift */ = {isa = PBXFileReference; lastKnownFileType = sourcecode.swift; path = UtilsErrors.swift; sourceTree = "<group>"; };
		716439722905BF740065EA09 /* WalletViewModel.swift */ = {isa = PBXFileReference; lastKnownFileType = sourcecode.swift; path = WalletViewModel.swift; sourceTree = "<group>"; };
		716439752905BFE50065EA09 /* WalletDetails.swift */ = {isa = PBXFileReference; lastKnownFileType = sourcecode.swift; path = WalletDetails.swift; sourceTree = "<group>"; };
		716439772905C0080065EA09 /* WCStatus.swift */ = {isa = PBXFileReference; lastKnownFileType = sourcecode.swift; path = WCStatus.swift; sourceTree = "<group>"; };
		716439792905C3510065EA09 /* WalletType.swift */ = {isa = PBXFileReference; lastKnownFileType = sourcecode.swift; path = WalletType.swift; sourceTree = "<group>"; };
		7164397C2905C7FB0065EA09 /* LoginView.swift */ = {isa = PBXFileReference; lastKnownFileType = sourcecode.swift; path = LoginView.swift; sourceTree = "<group>"; };
		716439802905CAB60065EA09 /* Colors.swift */ = {isa = PBXFileReference; lastKnownFileType = sourcecode.swift; path = Colors.swift; sourceTree = "<group>"; };
		716439872905CEAB0065EA09 /* Info.plist */ = {isa = PBXFileReference; lastKnownFileType = text.plist; path = Info.plist; sourceTree = "<group>"; };
		716439892905D19A0065EA09 /* TotalFeedView.swift */ = {isa = PBXFileReference; lastKnownFileType = sourcecode.swift; path = TotalFeedView.swift; sourceTree = "<group>"; };
		7164398E29065E940065EA09 /* UserFeedNavTitleView.swift */ = {isa = PBXFileReference; lastKnownFileType = sourcecode.swift; path = UserFeedNavTitleView.swift; sourceTree = "<group>"; };
		7164399229066F0D0065EA09 /* PostWithCommentsView.swift */ = {isa = PBXFileReference; lastKnownFileType = sourcecode.swift; path = PostWithCommentsView.swift; sourceTree = "<group>"; };
		71643995290670360065EA09 /* CommentView.swift */ = {isa = PBXFileReference; lastKnownFileType = sourcecode.swift; path = CommentView.swift; sourceTree = "<group>"; };
		71643997290673660065EA09 /* PostNavTitleView.swift */ = {isa = PBXFileReference; lastKnownFileType = sourcecode.swift; path = PostNavTitleView.swift; sourceTree = "<group>"; };
		7164399B29067F0F0065EA09 /* FullViewPost.swift */ = {isa = PBXFileReference; lastKnownFileType = sourcecode.swift; path = FullViewPost.swift; sourceTree = "<group>"; };
		7164399D290683FB0065EA09 /* CommentTextEditor.swift */ = {isa = PBXFileReference; lastKnownFileType = sourcecode.swift; path = CommentTextEditor.swift; sourceTree = "<group>"; };
		716439A329068C840065EA09 /* StringExtension.swift */ = {isa = PBXFileReference; lastKnownFileType = sourcecode.swift; path = StringExtension.swift; sourceTree = "<group>"; };
		716439A92906B8D50065EA09 /* CommentsNavTitle.swift */ = {isa = PBXFileReference; lastKnownFileType = sourcecode.swift; path = CommentsNavTitle.swift; sourceTree = "<group>"; };
		716439AC2906BDDF0065EA09 /* DraftFeedView.swift */ = {isa = PBXFileReference; lastKnownFileType = sourcecode.swift; path = DraftFeedView.swift; sourceTree = "<group>"; };
		716439AE2906BE5D0065EA09 /* PostInDraftView.swift */ = {isa = PBXFileReference; lastKnownFileType = sourcecode.swift; path = PostInDraftView.swift; sourceTree = "<group>"; };
		716439B02906C07D0065EA09 /* UserInfoView.swift */ = {isa = PBXFileReference; lastKnownFileType = sourcecode.swift; path = UserInfoView.swift; sourceTree = "<group>"; };
		716439B22906C1A60065EA09 /* DraftBackButton.swift */ = {isa = PBXFileReference; lastKnownFileType = sourcecode.swift; path = DraftBackButton.swift; sourceTree = "<group>"; };
		719E5A5C2907A3FB0005A1DF /* UserFeedView.swift */ = {isa = PBXFileReference; lastKnownFileType = sourcecode.swift; path = UserFeedView.swift; sourceTree = "<group>"; };
		719E5A5E2907A7930005A1DF /* PostWithUserView.swift */ = {isa = PBXFileReference; lastKnownFileType = sourcecode.swift; path = PostWithUserView.swift; sourceTree = "<group>"; };
		719E5A662907B9C70005A1DF /* BackNavButton.swift */ = {isa = PBXFileReference; lastKnownFileType = sourcecode.swift; path = BackNavButton.swift; sourceTree = "<group>"; };
		71AD718C2912C20700BC7CF7 /* lens-protocol-schema.graphqls */ = {isa = PBXFileReference; fileEncoding = 4; lastKnownFileType = text; path = "lens-protocol-schema.graphqls"; sourceTree = "<group>"; };
		71AD71952912C5F400BC7CF7 /* apollo-codegen-config.json */ = {isa = PBXFileReference; fileEncoding = 4; lastKnownFileType = text.json; path = "apollo-codegen-config.json"; sourceTree = "<group>"; };
		71C4DB1F2912856B008B4A8C /* LensProtocolService.swift */ = {isa = PBXFileReference; lastKnownFileType = sourcecode.swift; path = LensProtocolService.swift; sourceTree = "<group>"; };
		71C4DB3C29129550008B4A8C /* Challenge.graphql */ = {isa = PBXFileReference; lastKnownFileType = text; path = Challenge.graphql; sourceTree = "<group>"; };
		71D775D02901127F005F7D7D /* Frenly.app */ = {isa = PBXFileReference; explicitFileType = wrapper.application; includeInIndex = 0; path = Frenly.app; sourceTree = BUILT_PRODUCTS_DIR; };
		71D775D32901127F005F7D7D /* FrenlyApp.swift */ = {isa = PBXFileReference; lastKnownFileType = sourcecode.swift; path = FrenlyApp.swift; sourceTree = "<group>"; };
		71D775D52901127F005F7D7D /* ContentView.swift */ = {isa = PBXFileReference; lastKnownFileType = sourcecode.swift; path = ContentView.swift; sourceTree = "<group>"; };
		71D775D729011283005F7D7D /* Assets.xcassets */ = {isa = PBXFileReference; lastKnownFileType = folder.assetcatalog; path = Assets.xcassets; sourceTree = "<group>"; };
		71D775DA29011283005F7D7D /* Preview Assets.xcassets */ = {isa = PBXFileReference; lastKnownFileType = folder.assetcatalog; path = "Preview Assets.xcassets"; sourceTree = "<group>"; };
		71D775E829013A3D005F7D7D /* WalletConnectService.swift */ = {isa = PBXFileReference; lastKnownFileType = sourcecode.swift; path = WalletConnectService.swift; sourceTree = "<group>"; };
		71E052BB291388EC006FB1DC /* FeedPostsInfoQuery.graphql.swift */ = {isa = PBXFileReference; fileEncoding = 4; lastKnownFileType = sourcecode.swift; path = FeedPostsInfoQuery.graphql.swift; sourceTree = "<group>"; };
		71E052BD29138CA3006FB1DC /* UserUtil.swift */ = {isa = PBXFileReference; lastKnownFileType = sourcecode.swift; path = UserUtil.swift; sourceTree = "<group>"; };
		71E052BF2913A43E006FB1DC /* UserEditView.swift */ = {isa = PBXFileReference; lastKnownFileType = sourcecode.swift; path = UserEditView.swift; sourceTree = "<group>"; };
		71E052C22913A73A006FB1DC /* ImagePicker.swift */ = {isa = PBXFileReference; lastKnownFileType = sourcecode.swift; path = ImagePicker.swift; sourceTree = "<group>"; };
		71E052C52913AC74006FB1DC /* Media.swift */ = {isa = PBXFileReference; lastKnownFileType = sourcecode.swift; path = Media.swift; sourceTree = "<group>"; };
		71E052C82913AD55006FB1DC /* MediaUtil.swift */ = {isa = PBXFileReference; lastKnownFileType = sourcecode.swift; path = MediaUtil.swift; sourceTree = "<group>"; };
		71E052CB2913AEF7006FB1DC /* Data.swift */ = {isa = PBXFileReference; lastKnownFileType = sourcecode.swift; path = Data.swift; sourceTree = "<group>"; };
		71E052CD2917EE9C006FB1DC /* DraftFeedViewModel.swift */ = {isa = PBXFileReference; lastKnownFileType = sourcecode.swift; path = DraftFeedViewModel.swift; sourceTree = "<group>"; };
		71E052D02917FD04006FB1DC /* PostComments.graphql */ = {isa = PBXFileReference; lastKnownFileType = text; path = PostComments.graphql; sourceTree = "<group>"; };
		71E052D22917FD80006FB1DC /* PostCommentsQuery.graphql.swift */ = {isa = PBXFileReference; fileEncoding = 4; lastKnownFileType = sourcecode.swift; path = PostCommentsQuery.graphql.swift; sourceTree = "<group>"; };
		71E052D52917FFFE006FB1DC /* Comment.swift */ = {isa = PBXFileReference; lastKnownFileType = sourcecode.swift; path = Comment.swift; sourceTree = "<group>"; };
		71E052D8291802CB006FB1DC /* CommentsViewModel.swift */ = {isa = PBXFileReference; lastKnownFileType = sourcecode.swift; path = CommentsViewModel.swift; sourceTree = "<group>"; };
		71E18EEB2912C87500FDBC05 /* LensProtocol */ = {isa = PBXFileReference; lastKnownFileType = wrapper; name = LensProtocol; path = Frenly/Services/GraphQL/LensProtocol; sourceTree = "<group>"; };
		71E18EF02912CE3F00FDBC05 /* Authenticate.graphql */ = {isa = PBXFileReference; lastKnownFileType = text; path = Authenticate.graphql; sourceTree = "<group>"; };
		71E18EF22912CE7D00FDBC05 /* RefreshJWT.graphql */ = {isa = PBXFileReference; lastKnownFileType = text; path = RefreshJWT.graphql; sourceTree = "<group>"; };
		71E18EF42912CF0700FDBC05 /* RefreshMutation.graphql.swift */ = {isa = PBXFileReference; fileEncoding = 4; lastKnownFileType = sourcecode.swift; path = RefreshMutation.graphql.swift; sourceTree = "<group>"; };
		71E18EF52912CF0700FDBC05 /* AuthenticateMutation.graphql.swift */ = {isa = PBXFileReference; fileEncoding = 4; lastKnownFileType = sourcecode.swift; path = AuthenticateMutation.graphql.swift; sourceTree = "<group>"; };
		71E18EF62912CF0700FDBC05 /* ChallengeQuery.graphql.swift */ = {isa = PBXFileReference; fileEncoding = 4; lastKnownFileType = sourcecode.swift; path = ChallengeQuery.graphql.swift; sourceTree = "<group>"; };
		71E18EFA2912D07300FDBC05 /* GraphQLErrors.swift */ = {isa = PBXFileReference; lastKnownFileType = sourcecode.swift; path = GraphQLErrors.swift; sourceTree = "<group>"; };
		71E18EFC2912D50A00FDBC05 /* LensTokensHelper.swift */ = {isa = PBXFileReference; lastKnownFileType = sourcecode.swift; path = LensTokensHelper.swift; sourceTree = "<group>"; };
		71E18F002913039000FDBC05 /* FeedPostsInfo.graphql */ = {isa = PBXFileReference; lastKnownFileType = text; path = FeedPostsInfo.graphql; sourceTree = "<group>"; };
		71E18F042913144800FDBC05 /* EndOfTotalFeedView.swift */ = {isa = PBXFileReference; lastKnownFileType = sourcecode.swift; path = EndOfTotalFeedView.swift; sourceTree = "<group>"; };
		71E18F07291314FC00FDBC05 /* UserViewModel.swift */ = {isa = PBXFileReference; lastKnownFileType = sourcecode.swift; path = UserViewModel.swift; sourceTree = "<group>"; };
		71E18F0A2913154800FDBC05 /* User.swift */ = {isa = PBXFileReference; lastKnownFileType = sourcecode.swift; path = User.swift; sourceTree = "<group>"; };
		71E18F0D2913188100FDBC05 /* JSONCoder.swift */ = {isa = PBXFileReference; lastKnownFileType = sourcecode.swift; path = JSONCoder.swift; sourceTree = "<group>"; };
		71EA8274291D0CB70003F57A /* SmartContractService.swift */ = {isa = PBXFileReference; lastKnownFileType = sourcecode.swift; path = SmartContractService.swift; sourceTree = "<group>"; };
		71EA827A291D1DF10003F57A /* LensHubAbi.json */ = {isa = PBXFileReference; fileEncoding = 4; lastKnownFileType = text.json; path = LensHubAbi.json; sourceTree = "<group>"; };
		71EA827C291D296F0003F57A /* PostWithoutUser.swift */ = {isa = PBXFileReference; lastKnownFileType = sourcecode.swift; path = PostWithoutUser.swift; sourceTree = "<group>"; };
		71EA827E291E13F20003F57A /* UserPostsByLensId.graphql */ = {isa = PBXFileReference; lastKnownFileType = text; path = UserPostsByLensId.graphql; sourceTree = "<group>"; };
		71EA8282291E1F060003F57A /* UserFeedViewModel.swift */ = {isa = PBXFileReference; lastKnownFileType = sourcecode.swift; path = UserFeedViewModel.swift; sourceTree = "<group>"; };
		71EA8286291E378D0003F57A /* UserPostsByLensIdQuery.graphql.swift */ = {isa = PBXFileReference; fileEncoding = 4; lastKnownFileType = sourcecode.swift; path = UserPostsByLensIdQuery.graphql.swift; sourceTree = "<group>"; };
		71EA8289291E5DD00003F57A /* CreateProfile.graphql */ = {isa = PBXFileReference; lastKnownFileType = text; path = CreateProfile.graphql; sourceTree = "<group>"; };
		71EA828B291E5E6D0003F57A /* CreateProfileMutation.graphql.swift */ = {isa = PBXFileReference; fileEncoding = 4; lastKnownFileType = sourcecode.swift; path = CreateProfileMutation.graphql.swift; sourceTree = "<group>"; };
		71EA828D291E6B250003F57A /* CreatePostTypedData.graphql */ = {isa = PBXFileReference; lastKnownFileType = text; path = CreatePostTypedData.graphql; sourceTree = "<group>"; };
		71EA8291291E6B880003F57A /* CreatePostTypedDataMutation.graphql.swift */ = {isa = PBXFileReference; fileEncoding = 4; lastKnownFileType = sourcecode.swift; path = CreatePostTypedDataMutation.graphql.swift; sourceTree = "<group>"; };
		71EA829329213DDE0003F57A /* AppLoader.swift */ = {isa = PBXFileReference; lastKnownFileType = sourcecode.swift; path = AppLoader.swift; sourceTree = "<group>"; };
/* End PBXFileReference section */

/* Begin PBXFrameworksBuildPhase section */
		71D775CD2901127F005F7D7D /* Frameworks */ = {
			isa = PBXFrameworksBuildPhase;
			buildActionMask = 2147483647;
			files = (
				711F09FA2918FE5200EC19D1 /* Web3ContractABI in Frameworks */,
				71E18EEE2912C89800FDBC05 /* LensProtocol in Frameworks */,
				710CB7BD291117D200367885 /* JWTDecode in Frameworks */,
				71AD71862912BAA200BC7CF7 /* Apollo in Frameworks */,
				71643962290592F80065EA09 /* WalletConnectSwift in Frameworks */,
				711F09FC2918FE5200EC19D1 /* Web3PromiseKit in Frameworks */,
				711F09F82918FE5200EC19D1 /* Web3 in Frameworks */,
			);
			runOnlyForDeploymentPostprocessing = 0;
		};
/* End PBXFrameworksBuildPhase section */

/* Begin PBXGroup section */
		710CB7A92910ED1E00367885 /* Login */ = {
			isa = PBXGroup;
			children = (
				710CB7AA2910ED2E00367885 /* LoginViewModel.swift */,
			);
			path = Login;
			sourceTree = "<group>";
		};
		710CB7AC2910F1EC00367885 /* Web */ = {
			isa = PBXGroup;
			children = (
				710CB7AD2910F1FF00367885 /* AuthWebService.swift */,
				710CB7B22910F33300367885 /* WebService.swift */,
				710CB7C4291133C400367885 /* FeedWebService.swift */,
				710CB7D22911481400367885 /* UserWebService.swift */,
			);
			path = Web;
			sourceTree = "<group>";
		};
		710CB7AF2910F29100367885 /* Constants */ = {
			isa = PBXGroup;
			children = (
				710CB7B02910F29E00367885 /* Constants.swift */,
			);
			path = Constants;
			sourceTree = "<group>";
		};
		710CB7B8291114FA00367885 /* UserDefaults */ = {
			isa = PBXGroup;
			children = (
				710CB7B92911150B00367885 /* UserDefaultsExtension.swift */,
			);
			path = UserDefaults;
			sourceTree = "<group>";
		};
		710CB7BE29111BA600367885 /* KeyChain */ = {
			isa = PBXGroup;
			children = (
				710CB7BF29111BB300367885 /* KeyChainHelper.swift */,
				710CB7C129111BCD00367885 /* AuthTokensHelper.swift */,
				71E18EFC2912D50A00FDBC05 /* LensTokensHelper.swift */,
			);
			path = KeyChain;
			sourceTree = "<group>";
		};
		710CB7C9291136DD00367885 /* Feed */ = {
			isa = PBXGroup;
			children = (
				710CB7CA291136EF00367885 /* TotalFeedViewModel.swift */,
				71EA8282291E1F060003F57A /* UserFeedViewModel.swift */,
				71E052CD2917EE9C006FB1DC /* DraftFeedViewModel.swift */,
			);
			path = Feed;
			sourceTree = "<group>";
		};
		710CB7CC2911423000367885 /* Post */ = {
			isa = PBXGroup;
			children = (
				710CB7CD2911425000367885 /* Post.swift */,
			);
			path = Post;
			sourceTree = "<group>";
		};
		710CB7D429125EEE00367885 /* GraphQL */ = {
			isa = PBXGroup;
			children = (
				71AD718B2912C1DB00BC7CF7 /* Queries */,
				71AD718C2912C20700BC7CF7 /* lens-protocol-schema.graphqls */,
				71AD71952912C5F400BC7CF7 /* apollo-codegen-config.json */,
				71C4DB1F2912856B008B4A8C /* LensProtocolService.swift */,
			);
			path = GraphQL;
			sourceTree = "<group>";
		};
		71643965290595190065EA09 /* WalletConnect */ = {
			isa = PBXGroup;
			children = (
				71D775E829013A3D005F7D7D /* WalletConnectService.swift */,
			);
			path = WalletConnect;
			sourceTree = "<group>";
		};
		71643966290595230065EA09 /* Utils */ = {
			isa = PBXGroup;
			children = (
				71643967290595350065EA09 /* UtilsService.swift */,
				716439692905954C0065EA09 /* RandomUtil.swift */,
				71E052BD29138CA3006FB1DC /* UserUtil.swift */,
				71E052C82913AD55006FB1DC /* MediaUtil.swift */,
			);
			path = Utils;
			sourceTree = "<group>";
		};
		7164396B290596560065EA09 /* Common */ = {
			isa = PBXGroup;
			children = (
				71E052CA2913AED4006FB1DC /* Data */,
				71E18F0C2913186E00FDBC05 /* JSON */,
				710CB7B8291114FA00367885 /* UserDefaults */,
				710CB7AF2910F29100367885 /* Constants */,
				716439A229068C740065EA09 /* String */,
				7164396C2905965F0065EA09 /* Errors */,
			);
			path = Common;
			sourceTree = "<group>";
		};
		7164396C2905965F0065EA09 /* Errors */ = {
			isa = PBXGroup;
			children = (
				7164396D290596760065EA09 /* UtilsErrors.swift */,
				710CB7B42910F3DC00367885 /* NetworkErrors.swift */,
				710CB7B62910FF1900367885 /* WalletConnectError.swift */,
				71E18EFA2912D07300FDBC05 /* GraphQLErrors.swift */,
			);
			path = Errors;
			sourceTree = "<group>";
		};
		7164396F2905BEE60065EA09 /* Models */ = {
			isa = PBXGroup;
			children = (
				71E052D42917FFF3006FB1DC /* Comments */,
				71E052C42913AC69006FB1DC /* Media */,
				71E18F092913154000FDBC05 /* User */,
				710CB7CC2911423000367885 /* Post */,
				716439742905BFD10065EA09 /* Wallet */,
			);
			path = Models;
			sourceTree = "<group>";
		};
		716439702905BF410065EA09 /* ViewModels */ = {
			isa = PBXGroup;
			children = (
				71E052D7291802B5006FB1DC /* Comments */,
				71E18F06291314E100FDBC05 /* User */,
				71E18EFE2912D93E00FDBC05 /* Wallet */,
				710CB7C9291136DD00367885 /* Feed */,
				710CB7A92910ED1E00367885 /* Login */,
			);
			path = ViewModels;
			sourceTree = "<group>";
		};
		716439742905BFD10065EA09 /* Wallet */ = {
			isa = PBXGroup;
			children = (
				716439752905BFE50065EA09 /* WalletDetails.swift */,
				716439772905C0080065EA09 /* WCStatus.swift */,
				716439792905C3510065EA09 /* WalletType.swift */,
			);
			path = Wallet;
			sourceTree = "<group>";
		};
		7164397B2905C7E30065EA09 /* Login */ = {
			isa = PBXGroup;
			children = (
				7164397C2905C7FB0065EA09 /* LoginView.swift */,
			);
			path = Login;
			sourceTree = "<group>";
		};
		7164397E2905CAA30065EA09 /* Styles */ = {
			isa = PBXGroup;
			children = (
				7164397F2905CAA70065EA09 /* Color */,
			);
			path = Styles;
			sourceTree = "<group>";
		};
		7164397F2905CAA70065EA09 /* Color */ = {
			isa = PBXGroup;
			children = (
				716439802905CAB60065EA09 /* Colors.swift */,
			);
			path = Color;
			sourceTree = "<group>";
		};
		716439882905D18F0065EA09 /* Feed */ = {
			isa = PBXGroup;
			children = (
				716439892905D19A0065EA09 /* TotalFeedView.swift */,
				719E5A5C2907A3FB0005A1DF /* UserFeedView.swift */,
				716439AC2906BDDF0065EA09 /* DraftFeedView.swift */,
				71E18F042913144800FDBC05 /* EndOfTotalFeedView.swift */,
			);
			path = Feed;
			sourceTree = "<group>";
		};
		7164399029066E7B0065EA09 /* Navigation */ = {
			isa = PBXGroup;
			children = (
				719E5A652907B9BE0005A1DF /* Buttons */,
				719E5A642907B9B00005A1DF /* Titles */,
			);
			path = Navigation;
			sourceTree = "<group>";
		};
		7164399129066EDC0065EA09 /* Post */ = {
			isa = PBXGroup;
			children = (
				7164399229066F0D0065EA09 /* PostWithCommentsView.swift */,
				7164399B29067F0F0065EA09 /* FullViewPost.swift */,
				719E5A5E2907A7930005A1DF /* PostWithUserView.swift */,
				71EA827C291D296F0003F57A /* PostWithoutUser.swift */,
				716439AE2906BE5D0065EA09 /* PostInDraftView.swift */,
			);
			path = Post;
			sourceTree = "<group>";
		};
		71643994290670260065EA09 /* Comments */ = {
			isa = PBXGroup;
			children = (
				71643995290670360065EA09 /* CommentView.swift */,
				7164399D290683FB0065EA09 /* CommentTextEditor.swift */,
			);
			path = Comments;
			sourceTree = "<group>";
		};
		716439A229068C740065EA09 /* String */ = {
			isa = PBXGroup;
			children = (
				716439A329068C840065EA09 /* StringExtension.swift */,
			);
			path = String;
			sourceTree = "<group>";
		};
		716439AB2906BDBA0065EA09 /* Drafts */ = {
			isa = PBXGroup;
			children = (
				716439B22906C1A60065EA09 /* DraftBackButton.swift */,
			);
			path = Drafts;
			sourceTree = "<group>";
		};
		719E5A602907AFDA0005A1DF /* User */ = {
			isa = PBXGroup;
			children = (
				716439B02906C07D0065EA09 /* UserInfoView.swift */,
				71E052BF2913A43E006FB1DC /* UserEditView.swift */,
			);
			path = User;
			sourceTree = "<group>";
		};
		719E5A642907B9B00005A1DF /* Titles */ = {
			isa = PBXGroup;
			children = (
				7164398E29065E940065EA09 /* UserFeedNavTitleView.swift */,
				71643997290673660065EA09 /* PostNavTitleView.swift */,
				716439A92906B8D50065EA09 /* CommentsNavTitle.swift */,
			);
			path = Titles;
			sourceTree = "<group>";
		};
		719E5A652907B9BE0005A1DF /* Buttons */ = {
			isa = PBXGroup;
			children = (
				719E5A662907B9C70005A1DF /* BackNavButton.swift */,
			);
			path = Buttons;
			sourceTree = "<group>";
		};
		71AD718B2912C1DB00BC7CF7 /* Queries */ = {
			isa = PBXGroup;
			children = (
				71EA8288291E5D240003F57A /* Profile */,
				71E052CF2917FCE2006FB1DC /* Comments */,
				71E18EFF2913036E00FDBC05 /* Posts */,
				71E18EEF2912CE1800FDBC05 /* Authentication */,
			);
			path = Queries;
			sourceTree = "<group>";
		};
		71D775C72901127F005F7D7D = {
			isa = PBXGroup;
			children = (
				71E18EEA2912C87500FDBC05 /* Packages */,
				71D775D22901127F005F7D7D /* Frenly */,
				71D775D12901127F005F7D7D /* Products */,
				71E18EEC2912C89800FDBC05 /* Frameworks */,
			);
			sourceTree = "<group>";
		};
		71D775D12901127F005F7D7D /* Products */ = {
			isa = PBXGroup;
			children = (
				71D775D02901127F005F7D7D /* Frenly.app */,
			);
			name = Products;
			sourceTree = "<group>";
		};
		71D775D22901127F005F7D7D /* Frenly */ = {
			isa = PBXGroup;
			children = (
				716439872905CEAB0065EA09 /* Info.plist */,
				7164397E2905CAA30065EA09 /* Styles */,
				7164396B290596560065EA09 /* Common */,
				71D775E729013A31005F7D7D /* Services */,
				7164396F2905BEE60065EA09 /* Models */,
				716439702905BF410065EA09 /* ViewModels */,
				71D775E129011299005F7D7D /* View */,
				71D775D32901127F005F7D7D /* FrenlyApp.swift */,
				71D775D52901127F005F7D7D /* ContentView.swift */,
				71D775D729011283005F7D7D /* Assets.xcassets */,
				71D775D929011283005F7D7D /* Preview Content */,
			);
			path = Frenly;
			sourceTree = "<group>";
		};
		71D775D929011283005F7D7D /* Preview Content */ = {
			isa = PBXGroup;
			children = (
				71D775DA29011283005F7D7D /* Preview Assets.xcassets */,
			);
			path = "Preview Content";
			sourceTree = "<group>";
		};
		71D775E129011299005F7D7D /* View */ = {
			isa = PBXGroup;
			children = (
				71E052C12913A72A006FB1DC /* Common */,
				719E5A602907AFDA0005A1DF /* User */,
				716439AB2906BDBA0065EA09 /* Drafts */,
				71643994290670260065EA09 /* Comments */,
				7164399029066E7B0065EA09 /* Navigation */,
				716439882905D18F0065EA09 /* Feed */,
				7164399129066EDC0065EA09 /* Post */,
				7164397B2905C7E30065EA09 /* Login */,
			);
			path = View;
			sourceTree = "<group>";
		};
		71D775E729013A31005F7D7D /* Services */ = {
			isa = PBXGroup;
			children = (
				71EA8273291D0CA20003F57A /* SmartContract */,
				710CB7D429125EEE00367885 /* GraphQL */,
				710CB7BE29111BA600367885 /* KeyChain */,
				710CB7AC2910F1EC00367885 /* Web */,
				71643966290595230065EA09 /* Utils */,
				71643965290595190065EA09 /* WalletConnect */,
			);
			path = Services;
			sourceTree = "<group>";
		};
		71E052C12913A72A006FB1DC /* Common */ = {
			isa = PBXGroup;
			children = (
				71E052C22913A73A006FB1DC /* ImagePicker.swift */,
				71EA829329213DDE0003F57A /* AppLoader.swift */,
			);
			path = Common;
			sourceTree = "<group>";
		};
		71E052C42913AC69006FB1DC /* Media */ = {
			isa = PBXGroup;
			children = (
				71E052C52913AC74006FB1DC /* Media.swift */,
			);
			path = Media;
			sourceTree = "<group>";
		};
		71E052CA2913AED4006FB1DC /* Data */ = {
			isa = PBXGroup;
			children = (
				71E052CB2913AEF7006FB1DC /* Data.swift */,
			);
			path = Data;
			sourceTree = "<group>";
		};
		71E052CF2917FCE2006FB1DC /* Comments */ = {
			isa = PBXGroup;
			children = (
				71E052D02917FD04006FB1DC /* PostComments.graphql */,
				71E052D22917FD80006FB1DC /* PostCommentsQuery.graphql.swift */,
			);
			path = Comments;
			sourceTree = "<group>";
		};
		71E052D42917FFF3006FB1DC /* Comments */ = {
			isa = PBXGroup;
			children = (
				71E052D52917FFFE006FB1DC /* Comment.swift */,
			);
			path = Comments;
			sourceTree = "<group>";
		};
		71E052D7291802B5006FB1DC /* Comments */ = {
			isa = PBXGroup;
			children = (
				71E052D8291802CB006FB1DC /* CommentsViewModel.swift */,
			);
			path = Comments;
			sourceTree = "<group>";
		};
		71E18EEA2912C87500FDBC05 /* Packages */ = {
			isa = PBXGroup;
			children = (
				71E18EEB2912C87500FDBC05 /* LensProtocol */,
			);
			name = Packages;
			sourceTree = "<group>";
		};
		71E18EEC2912C89800FDBC05 /* Frameworks */ = {
			isa = PBXGroup;
			children = (
			);
			name = Frameworks;
			sourceTree = "<group>";
		};
		71E18EEF2912CE1800FDBC05 /* Authentication */ = {
			isa = PBXGroup;
			children = (
				71C4DB3C29129550008B4A8C /* Challenge.graphql */,
				71E18EF62912CF0700FDBC05 /* ChallengeQuery.graphql.swift */,
				71E18EF02912CE3F00FDBC05 /* Authenticate.graphql */,
				71E18EF52912CF0700FDBC05 /* AuthenticateMutation.graphql.swift */,
				71E18EF22912CE7D00FDBC05 /* RefreshJWT.graphql */,
				71E18EF42912CF0700FDBC05 /* RefreshMutation.graphql.swift */,
			);
			path = Authentication;
			sourceTree = "<group>";
		};
		71E18EFE2912D93E00FDBC05 /* Wallet */ = {
			isa = PBXGroup;
			children = (
				716439722905BF740065EA09 /* WalletViewModel.swift */,
			);
			path = Wallet;
			sourceTree = "<group>";
		};
		71E18EFF2913036E00FDBC05 /* Posts */ = {
			isa = PBXGroup;
			children = (
				71E18F002913039000FDBC05 /* FeedPostsInfo.graphql */,
				71E052BB291388EC006FB1DC /* FeedPostsInfoQuery.graphql.swift */,
				71EA827E291E13F20003F57A /* UserPostsByLensId.graphql */,
				71EA8286291E378D0003F57A /* UserPostsByLensIdQuery.graphql.swift */,
				71EA828D291E6B250003F57A /* CreatePostTypedData.graphql */,
				71EA8291291E6B880003F57A /* CreatePostTypedDataMutation.graphql.swift */,
			);
			path = Posts;
			sourceTree = "<group>";
		};
		71E18F06291314E100FDBC05 /* User */ = {
			isa = PBXGroup;
			children = (
				71E18F07291314FC00FDBC05 /* UserViewModel.swift */,
			);
			path = User;
			sourceTree = "<group>";
		};
		71E18F092913154000FDBC05 /* User */ = {
			isa = PBXGroup;
			children = (
				71E18F0A2913154800FDBC05 /* User.swift */,
			);
			path = User;
			sourceTree = "<group>";
		};
		71E18F0C2913186E00FDBC05 /* JSON */ = {
			isa = PBXGroup;
			children = (
				71E18F0D2913188100FDBC05 /* JSONCoder.swift */,
			);
			path = JSON;
			sourceTree = "<group>";
		};
		71EA8273291D0CA20003F57A /* SmartContract */ = {
			isa = PBXGroup;
			children = (
				71EA8274291D0CB70003F57A /* SmartContractService.swift */,
				71EA827A291D1DF10003F57A /* LensHubAbi.json */,
			);
			path = SmartContract;
			sourceTree = "<group>";
		};
		71EA8288291E5D240003F57A /* Profile */ = {
			isa = PBXGroup;
			children = (
				71EA8289291E5DD00003F57A /* CreateProfile.graphql */,
				71EA828B291E5E6D0003F57A /* CreateProfileMutation.graphql.swift */,
			);
			path = Profile;
			sourceTree = "<group>";
		};
/* End PBXGroup section */

/* Begin PBXNativeTarget section */
		71D775CF2901127F005F7D7D /* Frenly */ = {
			isa = PBXNativeTarget;
			buildConfigurationList = 71D775DE29011283005F7D7D /* Build configuration list for PBXNativeTarget "Frenly" */;
			buildPhases = (
				71D775CC2901127F005F7D7D /* Sources */,
				71D775CD2901127F005F7D7D /* Frameworks */,
				71D775CE2901127F005F7D7D /* Resources */,
			);
			buildRules = (
			);
			dependencies = (
			);
			name = Frenly;
			packageProductDependencies = (
				71643961290592F80065EA09 /* WalletConnectSwift */,
				710CB7BC291117D200367885 /* JWTDecode */,
				71AD71852912BAA200BC7CF7 /* Apollo */,
				71E18EED2912C89800FDBC05 /* LensProtocol */,
				711F09F72918FE5200EC19D1 /* Web3 */,
				711F09F92918FE5200EC19D1 /* Web3ContractABI */,
				711F09FB2918FE5200EC19D1 /* Web3PromiseKit */,
			);
			productName = Frenly;
			productReference = 71D775D02901127F005F7D7D /* Frenly.app */;
			productType = "com.apple.product-type.application";
		};
/* End PBXNativeTarget section */

/* Begin PBXProject section */
		71D775C82901127F005F7D7D /* Project object */ = {
			isa = PBXProject;
			attributes = {
				BuildIndependentTargetsInParallel = 1;
				LastSwiftUpdateCheck = 1340;
				LastUpgradeCheck = 1340;
				TargetAttributes = {
					71D775CF2901127F005F7D7D = {
						CreatedOnToolsVersion = 13.4.1;
					};
				};
			};
			buildConfigurationList = 71D775CB2901127F005F7D7D /* Build configuration list for PBXProject "Frenly" */;
			compatibilityVersion = "Xcode 13.0";
			developmentRegion = en;
			hasScannedForEncodings = 0;
			knownRegions = (
				en,
				Base,
			);
			mainGroup = 71D775C72901127F005F7D7D;
			packageReferences = (
				71643960290592F70065EA09 /* XCRemoteSwiftPackageReference "WalletConnectSwift" */,
				710CB7BB291117D200367885 /* XCRemoteSwiftPackageReference "JWTDecode" */,
				71AD71842912BAA200BC7CF7 /* XCRemoteSwiftPackageReference "apollo-ios" */,
				711F09F62918FE5200EC19D1 /* XCRemoteSwiftPackageReference "Web3" */,
			);
			productRefGroup = 71D775D12901127F005F7D7D /* Products */;
			projectDirPath = "";
			projectRoot = "";
			targets = (
				71D775CF2901127F005F7D7D /* Frenly */,
			);
		};
/* End PBXProject section */

/* Begin PBXResourcesBuildPhase section */
		71D775CE2901127F005F7D7D /* Resources */ = {
			isa = PBXResourcesBuildPhase;
			buildActionMask = 2147483647;
			files = (
				71EA827F291E13F30003F57A /* UserPostsByLensId.graphql in Resources */,
				71AD718D2912C20700BC7CF7 /* lens-protocol-schema.graphqls in Resources */,
				71D775DB29011283005F7D7D /* Preview Assets.xcassets in Resources */,
				71EA828A291E5DD00003F57A /* CreateProfile.graphql in Resources */,
				71E052D12917FD04006FB1DC /* PostComments.graphql in Resources */,
				71E18EF32912CE7D00FDBC05 /* RefreshJWT.graphql in Resources */,
				71C4DB3D29129550008B4A8C /* Challenge.graphql in Resources */,
				71AD71962912C5F400BC7CF7 /* apollo-codegen-config.json in Resources */,
				71E18EF12912CE3F00FDBC05 /* Authenticate.graphql in Resources */,
				71D775D829011283005F7D7D /* Assets.xcassets in Resources */,
				71EA828E291E6B250003F57A /* CreatePostTypedData.graphql in Resources */,
				71EA827B291D1DF10003F57A /* LensHubAbi.json in Resources */,
				71E18F012913039000FDBC05 /* FeedPostsInfo.graphql in Resources */,
			);
			runOnlyForDeploymentPostprocessing = 0;
		};
/* End PBXResourcesBuildPhase section */

/* Begin PBXSourcesBuildPhase section */
		71D775CC2901127F005F7D7D /* Sources */ = {
			isa = PBXSourcesBuildPhase;
			buildActionMask = 2147483647;
			files = (
				71643996290670360065EA09 /* CommentView.swift in Sources */,
				716439782905C0080065EA09 /* WCStatus.swift in Sources */,
				710CB7C229111BCD00367885 /* AuthTokensHelper.swift in Sources */,
				710CB7CE2911425000367885 /* Post.swift in Sources */,
				7164399C29067F0F0065EA09 /* FullViewPost.swift in Sources */,
				716439812905CAB60065EA09 /* Colors.swift in Sources */,
				71D775E929013A3D005F7D7D /* WalletConnectService.swift in Sources */,
				710CB7BA2911150B00367885 /* UserDefaultsExtension.swift in Sources */,
				716439AA2906B8D50065EA09 /* CommentsNavTitle.swift in Sources */,
				71643968290595350065EA09 /* UtilsService.swift in Sources */,
				7164396A2905954C0065EA09 /* RandomUtil.swift in Sources */,
				710CB7B52910F3DC00367885 /* NetworkErrors.swift in Sources */,
				71EA8287291E378D0003F57A /* UserPostsByLensIdQuery.graphql.swift in Sources */,
				71E18EFD2912D50A00FDBC05 /* LensTokensHelper.swift in Sources */,
				710CB7B72910FF1900367885 /* WalletConnectError.swift in Sources */,
				71E18EF92912CF0700FDBC05 /* ChallengeQuery.graphql.swift in Sources */,
				71EA828C291E5E6D0003F57A /* CreateProfileMutation.graphql.swift in Sources */,
				719E5A5D2907A3FB0005A1DF /* UserFeedView.swift in Sources */,
				710CB7B12910F29E00367885 /* Constants.swift in Sources */,
				71E18EF72912CF0700FDBC05 /* RefreshMutation.graphql.swift in Sources */,
				716439A429068C840065EA09 /* StringExtension.swift in Sources */,
				716439B32906C1A60065EA09 /* DraftBackButton.swift in Sources */,
				71D775D62901127F005F7D7D /* ContentView.swift in Sources */,
				71E052D62917FFFE006FB1DC /* Comment.swift in Sources */,
				71E052D32917FD80006FB1DC /* PostCommentsQuery.graphql.swift in Sources */,
				71E18F0B2913154800FDBC05 /* User.swift in Sources */,
				719E5A672907B9C70005A1DF /* BackNavButton.swift in Sources */,
				71E052C32913A73A006FB1DC /* ImagePicker.swift in Sources */,
				71EA8283291E1F060003F57A /* UserFeedViewModel.swift in Sources */,
				71E18F08291314FC00FDBC05 /* UserViewModel.swift in Sources */,
				716439732905BF740065EA09 /* WalletViewModel.swift in Sources */,
				716439762905BFE50065EA09 /* WalletDetails.swift in Sources */,
				7164398F29065E940065EA09 /* UserFeedNavTitleView.swift in Sources */,
				7164399329066F0D0065EA09 /* PostWithCommentsView.swift in Sources */,
				71E052C92913AD55006FB1DC /* MediaUtil.swift in Sources */,
				716439B12906C07D0065EA09 /* UserInfoView.swift in Sources */,
				71EA829429213DDF0003F57A /* AppLoader.swift in Sources */,
				71E052C62913AC74006FB1DC /* Media.swift in Sources */,
				71E052D9291802CB006FB1DC /* CommentsViewModel.swift in Sources */,
				71E052BE29138CA3006FB1DC /* UserUtil.swift in Sources */,
				710CB7AE2910F1FF00367885 /* AuthWebService.swift in Sources */,
				716439AD2906BDDF0065EA09 /* DraftFeedView.swift in Sources */,
				7164399E290683FB0065EA09 /* CommentTextEditor.swift in Sources */,
				71E18F0E2913188100FDBC05 /* JSONCoder.swift in Sources */,
				71D775D42901127F005F7D7D /* FrenlyApp.swift in Sources */,
				71EA827D291D296F0003F57A /* PostWithoutUser.swift in Sources */,
				710CB7AB2910ED2E00367885 /* LoginViewModel.swift in Sources */,
				710CB7C029111BB300367885 /* KeyChainHelper.swift in Sources */,
				710CB7CB291136EF00367885 /* TotalFeedViewModel.swift in Sources */,
				71EA8275291D0CB70003F57A /* SmartContractService.swift in Sources */,
				710CB7D32911481400367885 /* UserWebService.swift in Sources */,
				71E052BC291388EC006FB1DC /* FeedPostsInfoQuery.graphql.swift in Sources */,
				71643998290673660065EA09 /* PostNavTitleView.swift in Sources */,
				71E052C02913A43E006FB1DC /* UserEditView.swift in Sources */,
				71E18EF82912CF0700FDBC05 /* AuthenticateMutation.graphql.swift in Sources */,
				710CB7C5291133C400367885 /* FeedWebService.swift in Sources */,
				71E052CC2913AEF7006FB1DC /* Data.swift in Sources */,
				71EA8292291E6B880003F57A /* CreatePostTypedDataMutation.graphql.swift in Sources */,
				719E5A5F2907A7930005A1DF /* PostWithUserView.swift in Sources */,
				71E052CE2917EE9C006FB1DC /* DraftFeedViewModel.swift in Sources */,
				710CB7B32910F33300367885 /* WebService.swift in Sources */,
				71E18F052913144900FDBC05 /* EndOfTotalFeedView.swift in Sources */,
				7164397D2905C7FB0065EA09 /* LoginView.swift in Sources */,
				7164398A2905D19A0065EA09 /* TotalFeedView.swift in Sources */,
				7164397A2905C3510065EA09 /* WalletType.swift in Sources */,
				71E18EFB2912D07300FDBC05 /* GraphQLErrors.swift in Sources */,
				7164396E290596760065EA09 /* UtilsErrors.swift in Sources */,
				716439AF2906BE5D0065EA09 /* PostInDraftView.swift in Sources */,
				71C4DB202912856B008B4A8C /* LensProtocolService.swift in Sources */,
			);
			runOnlyForDeploymentPostprocessing = 0;
		};
/* End PBXSourcesBuildPhase section */

/* Begin XCBuildConfiguration section */
		71D775DC29011283005F7D7D /* Debug */ = {
			isa = XCBuildConfiguration;
			buildSettings = {
				ALWAYS_SEARCH_USER_PATHS = NO;
				CLANG_ANALYZER_NONNULL = YES;
				CLANG_ANALYZER_NUMBER_OBJECT_CONVERSION = YES_AGGRESSIVE;
				CLANG_CXX_LANGUAGE_STANDARD = "gnu++17";
				CLANG_ENABLE_MODULES = YES;
				CLANG_ENABLE_OBJC_ARC = YES;
				CLANG_ENABLE_OBJC_WEAK = YES;
				CLANG_WARN_BLOCK_CAPTURE_AUTORELEASING = YES;
				CLANG_WARN_BOOL_CONVERSION = YES;
				CLANG_WARN_COMMA = YES;
				CLANG_WARN_CONSTANT_CONVERSION = YES;
				CLANG_WARN_DEPRECATED_OBJC_IMPLEMENTATIONS = YES;
				CLANG_WARN_DIRECT_OBJC_ISA_USAGE = YES_ERROR;
				CLANG_WARN_DOCUMENTATION_COMMENTS = YES;
				CLANG_WARN_EMPTY_BODY = YES;
				CLANG_WARN_ENUM_CONVERSION = YES;
				CLANG_WARN_INFINITE_RECURSION = YES;
				CLANG_WARN_INT_CONVERSION = YES;
				CLANG_WARN_NON_LITERAL_NULL_CONVERSION = YES;
				CLANG_WARN_OBJC_IMPLICIT_RETAIN_SELF = YES;
				CLANG_WARN_OBJC_LITERAL_CONVERSION = YES;
				CLANG_WARN_OBJC_ROOT_CLASS = YES_ERROR;
				CLANG_WARN_QUOTED_INCLUDE_IN_FRAMEWORK_HEADER = YES;
				CLANG_WARN_RANGE_LOOP_ANALYSIS = YES;
				CLANG_WARN_STRICT_PROTOTYPES = YES;
				CLANG_WARN_SUSPICIOUS_MOVE = YES;
				CLANG_WARN_UNGUARDED_AVAILABILITY = YES_AGGRESSIVE;
				CLANG_WARN_UNREACHABLE_CODE = YES;
				CLANG_WARN__DUPLICATE_METHOD_MATCH = YES;
				COPY_PHASE_STRIP = NO;
				DEBUG_INFORMATION_FORMAT = dwarf;
				ENABLE_STRICT_OBJC_MSGSEND = YES;
				ENABLE_TESTABILITY = YES;
				GCC_C_LANGUAGE_STANDARD = gnu11;
				GCC_DYNAMIC_NO_PIC = NO;
				GCC_NO_COMMON_BLOCKS = YES;
				GCC_OPTIMIZATION_LEVEL = 0;
				GCC_PREPROCESSOR_DEFINITIONS = (
					"DEBUG=1",
					"$(inherited)",
				);
				GCC_WARN_64_TO_32_BIT_CONVERSION = YES;
				GCC_WARN_ABOUT_RETURN_TYPE = YES_ERROR;
				GCC_WARN_UNDECLARED_SELECTOR = YES;
				GCC_WARN_UNINITIALIZED_AUTOS = YES_AGGRESSIVE;
				GCC_WARN_UNUSED_FUNCTION = YES;
				GCC_WARN_UNUSED_VARIABLE = YES;
				IPHONEOS_DEPLOYMENT_TARGET = 15.5;
				MTL_ENABLE_DEBUG_INFO = INCLUDE_SOURCE;
				MTL_FAST_MATH = YES;
				ONLY_ACTIVE_ARCH = YES;
				SDKROOT = iphoneos;
				SWIFT_ACTIVE_COMPILATION_CONDITIONS = DEBUG;
				SWIFT_OPTIMIZATION_LEVEL = "-Onone";
			};
			name = Debug;
		};
		71D775DD29011283005F7D7D /* Release */ = {
			isa = XCBuildConfiguration;
			buildSettings = {
				ALWAYS_SEARCH_USER_PATHS = NO;
				CLANG_ANALYZER_NONNULL = YES;
				CLANG_ANALYZER_NUMBER_OBJECT_CONVERSION = YES_AGGRESSIVE;
				CLANG_CXX_LANGUAGE_STANDARD = "gnu++17";
				CLANG_ENABLE_MODULES = YES;
				CLANG_ENABLE_OBJC_ARC = YES;
				CLANG_ENABLE_OBJC_WEAK = YES;
				CLANG_WARN_BLOCK_CAPTURE_AUTORELEASING = YES;
				CLANG_WARN_BOOL_CONVERSION = YES;
				CLANG_WARN_COMMA = YES;
				CLANG_WARN_CONSTANT_CONVERSION = YES;
				CLANG_WARN_DEPRECATED_OBJC_IMPLEMENTATIONS = YES;
				CLANG_WARN_DIRECT_OBJC_ISA_USAGE = YES_ERROR;
				CLANG_WARN_DOCUMENTATION_COMMENTS = YES;
				CLANG_WARN_EMPTY_BODY = YES;
				CLANG_WARN_ENUM_CONVERSION = YES;
				CLANG_WARN_INFINITE_RECURSION = YES;
				CLANG_WARN_INT_CONVERSION = YES;
				CLANG_WARN_NON_LITERAL_NULL_CONVERSION = YES;
				CLANG_WARN_OBJC_IMPLICIT_RETAIN_SELF = YES;
				CLANG_WARN_OBJC_LITERAL_CONVERSION = YES;
				CLANG_WARN_OBJC_ROOT_CLASS = YES_ERROR;
				CLANG_WARN_QUOTED_INCLUDE_IN_FRAMEWORK_HEADER = YES;
				CLANG_WARN_RANGE_LOOP_ANALYSIS = YES;
				CLANG_WARN_STRICT_PROTOTYPES = YES;
				CLANG_WARN_SUSPICIOUS_MOVE = YES;
				CLANG_WARN_UNGUARDED_AVAILABILITY = YES_AGGRESSIVE;
				CLANG_WARN_UNREACHABLE_CODE = YES;
				CLANG_WARN__DUPLICATE_METHOD_MATCH = YES;
				COPY_PHASE_STRIP = NO;
				DEBUG_INFORMATION_FORMAT = "dwarf-with-dsym";
				ENABLE_NS_ASSERTIONS = NO;
				ENABLE_STRICT_OBJC_MSGSEND = YES;
				GCC_C_LANGUAGE_STANDARD = gnu11;
				GCC_NO_COMMON_BLOCKS = YES;
				GCC_WARN_64_TO_32_BIT_CONVERSION = YES;
				GCC_WARN_ABOUT_RETURN_TYPE = YES_ERROR;
				GCC_WARN_UNDECLARED_SELECTOR = YES;
				GCC_WARN_UNINITIALIZED_AUTOS = YES_AGGRESSIVE;
				GCC_WARN_UNUSED_FUNCTION = YES;
				GCC_WARN_UNUSED_VARIABLE = YES;
				IPHONEOS_DEPLOYMENT_TARGET = 15.5;
				MTL_ENABLE_DEBUG_INFO = NO;
				MTL_FAST_MATH = YES;
				SDKROOT = iphoneos;
				SWIFT_COMPILATION_MODE = wholemodule;
				SWIFT_OPTIMIZATION_LEVEL = "-O";
				VALIDATE_PRODUCT = YES;
			};
			name = Release;
		};
		71D775DF29011283005F7D7D /* Debug */ = {
			isa = XCBuildConfiguration;
			buildSettings = {
				ASSETCATALOG_COMPILER_APPICON_NAME = AppIcon;
				ASSETCATALOG_COMPILER_GLOBAL_ACCENT_COLOR_NAME = AccentColor;
				CODE_SIGN_STYLE = Automatic;
				CURRENT_PROJECT_VERSION = 1;
				DEVELOPMENT_ASSET_PATHS = "\"Frenly/Preview Content\"";
				DEVELOPMENT_TEAM = BJ7N7UHC59;
				ENABLE_PREVIEWS = YES;
				GENERATE_INFOPLIST_FILE = YES;
				INFOPLIST_FILE = Frenly/Info.plist;
				INFOPLIST_KEY_UIApplicationSceneManifest_Generation = YES;
				INFOPLIST_KEY_UIApplicationSupportsIndirectInputEvents = YES;
				INFOPLIST_KEY_UILaunchScreen_Generation = YES;
				INFOPLIST_KEY_UISupportedInterfaceOrientations_iPad = "UIInterfaceOrientationPortrait UIInterfaceOrientationPortraitUpsideDown UIInterfaceOrientationLandscapeLeft UIInterfaceOrientationLandscapeRight";
				INFOPLIST_KEY_UISupportedInterfaceOrientations_iPhone = UIInterfaceOrientationPortrait;
				LD_RUNPATH_SEARCH_PATHS = (
					"$(inherited)",
					"@executable_path/Frameworks",
				);
				MARKETING_VERSION = 1.0;
				PRODUCT_BUNDLE_IDENTIFIER = Unistory.Frenly;
				PRODUCT_NAME = "$(TARGET_NAME)";
				SWIFT_EMIT_LOC_STRINGS = YES;
				SWIFT_VERSION = 5.0;
				TARGETED_DEVICE_FAMILY = "1,2";
			};
			name = Debug;
		};
		71D775E029011283005F7D7D /* Release */ = {
			isa = XCBuildConfiguration;
			buildSettings = {
				ASSETCATALOG_COMPILER_APPICON_NAME = AppIcon;
				ASSETCATALOG_COMPILER_GLOBAL_ACCENT_COLOR_NAME = AccentColor;
				CODE_SIGN_STYLE = Automatic;
				CURRENT_PROJECT_VERSION = 1;
				DEVELOPMENT_ASSET_PATHS = "\"Frenly/Preview Content\"";
				DEVELOPMENT_TEAM = BJ7N7UHC59;
				ENABLE_PREVIEWS = YES;
				GENERATE_INFOPLIST_FILE = YES;
				INFOPLIST_FILE = Frenly/Info.plist;
				INFOPLIST_KEY_UIApplicationSceneManifest_Generation = YES;
				INFOPLIST_KEY_UIApplicationSupportsIndirectInputEvents = YES;
				INFOPLIST_KEY_UILaunchScreen_Generation = YES;
				INFOPLIST_KEY_UISupportedInterfaceOrientations_iPad = "UIInterfaceOrientationPortrait UIInterfaceOrientationPortraitUpsideDown UIInterfaceOrientationLandscapeLeft UIInterfaceOrientationLandscapeRight";
				INFOPLIST_KEY_UISupportedInterfaceOrientations_iPhone = UIInterfaceOrientationPortrait;
				LD_RUNPATH_SEARCH_PATHS = (
					"$(inherited)",
					"@executable_path/Frameworks",
				);
				MARKETING_VERSION = 1.0;
				PRODUCT_BUNDLE_IDENTIFIER = Unistory.Frenly;
				PRODUCT_NAME = "$(TARGET_NAME)";
				SWIFT_EMIT_LOC_STRINGS = YES;
				SWIFT_VERSION = 5.0;
				TARGETED_DEVICE_FAMILY = "1,2";
			};
			name = Release;
		};
/* End XCBuildConfiguration section */

/* Begin XCConfigurationList section */
		71D775CB2901127F005F7D7D /* Build configuration list for PBXProject "Frenly" */ = {
			isa = XCConfigurationList;
			buildConfigurations = (
				71D775DC29011283005F7D7D /* Debug */,
				71D775DD29011283005F7D7D /* Release */,
			);
			defaultConfigurationIsVisible = 0;
			defaultConfigurationName = Release;
		};
		71D775DE29011283005F7D7D /* Build configuration list for PBXNativeTarget "Frenly" */ = {
			isa = XCConfigurationList;
			buildConfigurations = (
				71D775DF29011283005F7D7D /* Debug */,
				71D775E029011283005F7D7D /* Release */,
			);
			defaultConfigurationIsVisible = 0;
			defaultConfigurationName = Release;
		};
/* End XCConfigurationList section */

/* Begin XCRemoteSwiftPackageReference section */
		710CB7BB291117D200367885 /* XCRemoteSwiftPackageReference "JWTDecode" */ = {
			isa = XCRemoteSwiftPackageReference;
			repositoryURL = "https://github.com/auth0/JWTDecode.swift";
			requirement = {
				kind = upToNextMajorVersion;
				minimumVersion = 3.0.0;
			};
		};
		711F09F62918FE5200EC19D1 /* XCRemoteSwiftPackageReference "Web3" */ = {
			isa = XCRemoteSwiftPackageReference;
			repositoryURL = "https://github.com/WalletConnect/Web3.swift";
			requirement = {
				kind = upToNextMajorVersion;
				minimumVersion = 1.0.0;
			};
		};
		71643960290592F70065EA09 /* XCRemoteSwiftPackageReference "WalletConnectSwift" */ = {
			isa = XCRemoteSwiftPackageReference;
			repositoryURL = "https://github.com/WalletConnect/WalletConnectSwift.git";
			requirement = {
				kind = upToNextMajorVersion;
				minimumVersion = 1.0.0;
			};
		};
		71AD71842912BAA200BC7CF7 /* XCRemoteSwiftPackageReference "apollo-ios" */ = {
			isa = XCRemoteSwiftPackageReference;
			repositoryURL = "https://github.com/apollographql/apollo-ios";
			requirement = {
				kind = upToNextMajorVersion;
				minimumVersion = 1.0.0;
			};
		};
/* End XCRemoteSwiftPackageReference section */

/* Begin XCSwiftPackageProductDependency section */
		710CB7BC291117D200367885 /* JWTDecode */ = {
			isa = XCSwiftPackageProductDependency;
			package = 710CB7BB291117D200367885 /* XCRemoteSwiftPackageReference "JWTDecode" */;
			productName = JWTDecode;
		};
		711F09F72918FE5200EC19D1 /* Web3 */ = {
			isa = XCSwiftPackageProductDependency;
			package = 711F09F62918FE5200EC19D1 /* XCRemoteSwiftPackageReference "Web3" */;
			productName = Web3;
		};
		711F09F92918FE5200EC19D1 /* Web3ContractABI */ = {
			isa = XCSwiftPackageProductDependency;
			package = 711F09F62918FE5200EC19D1 /* XCRemoteSwiftPackageReference "Web3" */;
			productName = Web3ContractABI;
		};
		711F09FB2918FE5200EC19D1 /* Web3PromiseKit */ = {
			isa = XCSwiftPackageProductDependency;
			package = 711F09F62918FE5200EC19D1 /* XCRemoteSwiftPackageReference "Web3" */;
			productName = Web3PromiseKit;
		};
		71643961290592F80065EA09 /* WalletConnectSwift */ = {
			isa = XCSwiftPackageProductDependency;
			package = 71643960290592F70065EA09 /* XCRemoteSwiftPackageReference "WalletConnectSwift" */;
			productName = WalletConnectSwift;
		};
		71AD71852912BAA200BC7CF7 /* Apollo */ = {
			isa = XCSwiftPackageProductDependency;
			package = 71AD71842912BAA200BC7CF7 /* XCRemoteSwiftPackageReference "apollo-ios" */;
			productName = Apollo;
		};
		71E18EED2912C89800FDBC05 /* LensProtocol */ = {
			isa = XCSwiftPackageProductDependency;
			productName = LensProtocol;
		};
/* End XCSwiftPackageProductDependency section */
	};
	rootObject = 71D775C82901127F005F7D7D /* Project object */;
}
