{
  "object": {
    "pins": [
      {
        "package": "Apollo",
        "repositoryURL": "https://github.com/apollographql/apollo-ios",
        "state": {
          "branch": null,
          "revision": "4b13a927b581c40d06f2c65f593f672a52c0c812",
          "version": "1.0.3"
        }
      },
      {
        "package": "BigInt",
        "repositoryURL": "https://github.com/attaswift/BigInt.git",
        "state": {
          "branch": null,
          "revision": "0ed110f7555c34ff468e72e1686e59721f2b0da6",
          "version": "5.3.0"
        }
      },
      {
        "package": "CryptoSwift",
        "repositoryURL": "https://github.com/krzyzanowskim/CryptoSwift.git",
        "state": {
          "branch": null,
          "revision": "039f56c5d7960f277087a0be51f5eb04ed0ec073",
          "version": "1.5.1"
        }
      },
      {
        "package": "InflectorKit",
        "repositoryURL": "https://github.com/mattt/InflectorKit",
        "state": {
          "branch": null,
          "revision": "d8cbcc04972690aaa5fc760a2b9ddb3e9f0decd7",
          "version": "1.0.0"
        }
      },
      {
        "package": "JWTDecode",
        "repositoryURL": "https://github.com/auth0/JWTDecode.swift",
        "state": {
          "branch": null,
          "revision": "d07041068fed2d4b8a38f2b321ea6d97c9152c4a",
          "version": "3.0.0"
        }
      },
      {
        "package": "PromiseKit",
        "repositoryURL": "https://github.com/mxcl/PromiseKit.git",
        "state": {
          "branch": null,
          "revision": "43772616c46a44a9977e41924ae01d0e55f2f9ca",
          "version": "6.18.1"
        }
      },
      {
        "package": "secp256k1",
        "repositoryURL": "https://github.com/Boilertalk/secp256k1.swift.git",
        "state": {
          "branch": null,
          "revision": "cd187c632fb812fd93711a9f7e644adb7e5f97f0",
          "version": "0.1.7"
        }
      },
      {
        "package": "SQLite.swift",
        "repositoryURL": "https://github.com/stephencelis/SQLite.swift.git",
        "state": {
          "branch": null,
          "revision": "4d543d811ee644fa4cc4bfa0be996b4dd6ba0f54",
          "version": "0.13.3"
        }
      },
      {
        "package": "swift-argument-parser",
        "repositoryURL": "https://github.com/apple/swift-argument-parser",
        "state": {
          "branch": null,
          "revision": "9f39744e025c7d377987f30b03770805dcb0bcd1",
          "version": "1.1.4"
        }
      },
      {
        "package": "swift-collections",
        "repositoryURL": "https://github.com/apple/swift-collections",
        "state": {
          "branch": null,
          "revision": "f504716c27d2e5d4144fa4794b12129301d17729",
          "version": "1.0.3"
        }
      },
      {
        "package": "WalletConnectSwift",
        "repositoryURL": "https://github.com/WalletConnect/WalletConnectSwift.git",
        "state": {
          "branch": null,
          "revision": "e0bbfd16d5c54a7aa7e316956d765399c6332fa2",
          "version": "1.7.0"
        }
      },
      {
        "package": "Web3",
        "repositoryURL": "https://github.com/WalletConnect/Web3.swift",
        "state": {
          "branch": null,
          "revision": "5042fbdaf0674e973a374fca6e66e19683f6437e",
          "version": "1.0.1"
        }
      }
    ]
  },
  "version": 1
}
